
Microsoft Visual Studio Solution File, Format Version 12.00
# Visual Studio Version 17
VisualStudioVersion = 17.2.32317.152
MinimumVisualStudioVersion = 10.0.40219.1
Project("{9A19103F-16F7-4668-BE54-9A1E7A4F7556}") = "BasicCapabilitiesCSharp", "2_BasicCapabilitiesCSharp\BasicCapabilitiesCSharp.csproj", "{70469574-B479-42FA-980E-850E0CF5C3FE}"
EndProject
Project("{9A19103F-16F7-4668-BE54-9A1E7A4F7556}") = "MyHelloWorldConsoleApp", "Console\MyHelloWorldConsoleApp.csproj", "{D6BC0005-0069-46D2-B43E-D82F176B2823}"
EndProject
Project("{9A19103F-16F7-4668-BE54-9A1E7A4F7556}") = "Control Structures", "Control Structures\Control Structures.csproj", "{AB75F326-90F6-460E-89C5-D47F1AC13945}"
EndProject
Project("{9A19103F-16F7-4668-BE54-9A1E7A4F7556}") = "Arrays", "Arrays\Arrays.csproj", "{03A227A2-71AC-4840-8D93-61247B9E9E0F}"
EndProject
Project("{9A19103F-16F7-4668-BE54-9A1E7A4F7556}") = "Methods", "Methods\Methods.csproj", "{C03B0C1D-2D06-49AC-9F2E-FF19C7568023}"
EndProject
Project("{9A19103F-16F7-4668-BE54-9A1E7A4F7556}") = "Files", "Files\Files.csproj", "{0E7CE8EF-095B-4E1F-AECF-63EB0F094125}"
EndProject
Project("{FAE04EC0-301F-11D3-BF4B-00C04F79EFBC}") = "Structures", "Structures\Structures.csproj", "{9B9D8527-8F1B-4CE4-8DC1-29179178809C}"
EndProject
Global
	GlobalSection(SolutionConfigurationPlatforms) = preSolution
		Debug|Any CPU = Debug|Any CPU
		Release|Any CPU = Release|Any CPU
	EndGlobalSection
	GlobalSection(ProjectConfigurationPlatforms) = postSolution
		{70469574-B479-42FA-980E-850E0CF5C3FE}.Debug|Any CPU.ActiveCfg = Debug|Any CPU
		{70469574-B479-42FA-980E-850E0CF5C3FE}.Debug|Any CPU.Build.0 = Debug|Any CPU
		{70469574-B479-42FA-980E-850E0CF5C3FE}.Release|Any CPU.ActiveCfg = Release|Any CPU
		{70469574-B479-42FA-980E-850E0CF5C3FE}.Release|Any CPU.Build.0 = Release|Any CPU
		{D6BC0005-0069-46D2-B43E-D82F176B2823}.Debug|Any CPU.ActiveCfg = Debug|Any CPU
		{D6BC0005-0069-46D2-B43E-D82F176B2823}.Debug|Any CPU.Build.0 = Debug|Any CPU
		{D6BC0005-0069-46D2-B43E-D82F176B2823}.Release|Any CPU.ActiveCfg = Release|Any CPU
		{D6BC0005-0069-46D2-B43E-D82F176B2823}.Release|Any CPU.Build.0 = Release|Any CPU
		{AB75F326-90F6-460E-89C5-D47F1AC13945}.Debug|Any CPU.ActiveCfg = Debug|Any CPU
		{AB75F326-90F6-460E-89C5-D47F1AC13945}.Debug|Any CPU.Build.0 = Debug|Any CPU
		{AB75F326-90F6-460E-89C5-D47F1AC13945}.Release|Any CPU.ActiveCfg = Release|Any CPU
		{AB75F326-90F6-460E-89C5-D47F1AC13945}.Release|Any CPU.Build.0 = Release|Any CPU
		{03A227A2-71AC-4840-8D93-61247B9E9E0F}.Debug|Any CPU.ActiveCfg = Debug|Any CPU
		{03A227A2-71AC-4840-8D93-61247B9E9E0F}.Debug|Any CPU.Build.0 = Debug|Any CPU
		{03A227A2-71AC-4840-8D93-61247B9E9E0F}.Release|Any CPU.ActiveCfg = Release|Any CPU
		{03A227A2-71AC-4840-8D93-61247B9E9E0F}.Release|Any CPU.Build.0 = Release|Any CPU
		{C03B0C1D-2D06-49AC-9F2E-FF19C7568023}.Debug|Any CPU.ActiveCfg = Debug|Any CPU
		{C03B0C1D-2D06-49AC-9F2E-FF19C7568023}.Debug|Any CPU.Build.0 = Debug|Any CPU
		{C03B0C1D-2D06-49AC-9F2E-FF19C7568023}.Release|Any CPU.ActiveCfg = Release|Any CPU
		{C03B0C1D-2D06-49AC-9F2E-FF19C7568023}.Release|Any CPU.Build.0 = Release|Any CPU
		{0E7CE8EF-095B-4E1F-AECF-63EB0F094125}.Debug|Any CPU.ActiveCfg = Debug|Any CPU
		{0E7CE8EF-095B-4E1F-AECF-63EB0F094125}.Debug|Any CPU.Build.0 = Debug|Any CPU
		{0E7CE8EF-095B-4E1F-AECF-63EB0F094125}.Release|Any CPU.ActiveCfg = Release|Any CPU
		{0E7CE8EF-095B-4E1F-AECF-63EB0F094125}.Release|Any CPU.Build.0 = Release|Any CPU
		{9B9D8527-8F1B-4CE4-8DC1-29179178809C}.Debug|Any CPU.ActiveCfg = Debug|Any CPU
		{9B9D8527-8F1B-4CE4-8DC1-29179178809C}.Debug|Any CPU.Build.0 = Debug|Any CPU
		{9B9D8527-8F1B-4CE4-8DC1-29179178809C}.Release|Any CPU.ActiveCfg = Release|Any CPU
		{9B9D8527-8F1B-4CE4-8DC1-29179178809C}.Release|Any CPU.Build.0 = Release|Any CPU
	EndGlobalSection
	GlobalSection(SolutionProperties) = preSolution
		HideSolutionNode = FALSE
	EndGlobalSection
	GlobalSection(ExtensibilityGlobals) = postSolution
		SolutionGuid = {16D506D9-F27F-4B90-96D3-BCA60E6EAAD8}
	EndGlobalSection
EndGlobal
